
Microsoft Visual Studio Solution File, Format Version 12.00
# Visual Studio Version 17
VisualStudioVersion = 17.3.32922.545
MinimumVisualStudioVersion = 10.0.40219.1
Project("{FAE04EC0-301F-11D3-BF4B-00C04F79EFBC}") = "BeerbliotekClient", "BeerbliotekClient\BeerbliotekClient.csproj", "{BE147160-4EE9-4D77-839B-0C2FB0199ACD}"
EndProject
Global
	GlobalSection(SolutionConfigurationPlatforms) = preSolution
		Debug|Any CPU = Debug|Any CPU
		Release|Any CPU = Release|Any CPU
	EndGlobalSection
	GlobalSection(ProjectConfigurationPlatforms) = postSolution
		{BE147160-4EE9-4D77-839B-0C2FB0199ACD}.Debug|Any CPU.ActiveCfg = Debug|Any CPU
		{BE147160-4EE9-4D77-839B-0C2FB0199ACD}.Debug|Any CPU.Build.0 = Debug|Any CPU
		{BE147160-4EE9-4D77-839B-0C2FB0199ACD}.Release|Any CPU.ActiveCfg = Release|Any CPU
		{BE147160-4EE9-4D77-839B-0C2FB0199ACD}.Release|Any CPU.Build.0 = Release|Any CPU
	EndGlobalSection
	GlobalSection(SolutionProperties) = preSolution
		HideSolutionNode = FALSE
	EndGlobalSection
	GlobalSection(ExtensibilityGlobals) = postSolution
		SolutionGuid = {8955F11A-3EE1-4C8F-B157-190A73449696}
	EndGlobalSection
EndGlobal
